// !$*UTF8*$!
{
	archiveVersion = 1;
	classes = {
	};
	objectVersion = 52;
	objects = {

/* Begin PBXBuildFile section */
		D82937AC25F83A290013FEED /* ProspectsView.swift in Sources */ = {isa = PBXBuildFile; fileRef = D82937AB25F83A290013FEED /* ProspectsView.swift */; };
		D82937B025F83AF10013FEED /* MeView.swift in Sources */ = {isa = PBXBuildFile; fileRef = D82937AF25F83AF10013FEED /* MeView.swift */; };
		D82937B825F83F6B0013FEED /* Prospect.swift in Sources */ = {isa = PBXBuildFile; fileRef = D82937B725F83F6B0013FEED /* Prospect.swift */; };
		D82937BC25F857630013FEED /* CodeScanner in Frameworks */ = {isa = PBXBuildFile; productRef = D82937BB25F857630013FEED /* CodeScanner */; };
		D8A72C1325F6F8EB009235B0 /* HotProspectsApp.swift in Sources */ = {isa = PBXBuildFile; fileRef = D8A72C1225F6F8EB009235B0 /* HotProspectsApp.swift */; };
		D8A72C1725F6F8EB009235B0 /* Assets.xcassets in Resources */ = {isa = PBXBuildFile; fileRef = D8A72C1625F6F8EB009235B0 /* Assets.xcassets */; };
		D8A72C1A25F6F8EB009235B0 /* Preview Assets.xcassets in Resources */ = {isa = PBXBuildFile; fileRef = D8A72C1925F6F8EB009235B0 /* Preview Assets.xcassets */; };
		D8A72C2425F735AC009235B0 /* SamplePackage in Frameworks */ = {isa = PBXBuildFile; productRef = D8A72C2325F735AC009235B0 /* SamplePackage */; };
		D8A72C2925F739A2009235B0 /* ContentView.swift in Sources */ = {isa = PBXBuildFile; fileRef = D8A72C2825F739A2009235B0 /* ContentView.swift */; };
/* End PBXBuildFile section */

/* Begin PBXFileReference section */
		D82937AB25F83A290013FEED /* ProspectsView.swift */ = {isa = PBXFileReference; lastKnownFileType = sourcecode.swift; path = ProspectsView.swift; sourceTree = "<group>"; };
		D82937AF25F83AF10013FEED /* MeView.swift */ = {isa = PBXFileReference; lastKnownFileType = sourcecode.swift; path = MeView.swift; sourceTree = "<group>"; };
		D82937B725F83F6B0013FEED /* Prospect.swift */ = {isa = PBXFileReference; lastKnownFileType = sourcecode.swift; path = Prospect.swift; sourceTree = "<group>"; };
		D8A72C0F25F6F8EB009235B0 /* HotProspects.app */ = {isa = PBXFileReference; explicitFileType = wrapper.application; includeInIndex = 0; path = HotProspects.app; sourceTree = BUILT_PRODUCTS_DIR; };
		D8A72C1225F6F8EB009235B0 /* HotProspectsApp.swift */ = {isa = PBXFileReference; lastKnownFileType = sourcecode.swift; path = HotProspectsApp.swift; sourceTree = "<group>"; };
		D8A72C1625F6F8EB009235B0 /* Assets.xcassets */ = {isa = PBXFileReference; lastKnownFileType = folder.assetcatalog; path = Assets.xcassets; sourceTree = "<group>"; };
		D8A72C1925F6F8EB009235B0 /* Preview Assets.xcassets */ = {isa = PBXFileReference; lastKnownFileType = folder.assetcatalog; path = "Preview Assets.xcassets"; sourceTree = "<group>"; };
		D8A72C1B25F6F8EB009235B0 /* Info.plist */ = {isa = PBXFileReference; lastKnownFileType = text.plist.xml; path = Info.plist; sourceTree = "<group>"; };
		D8A72C2825F739A2009235B0 /* ContentView.swift */ = {isa = PBXFileReference; lastKnownFileType = sourcecode.swift; path = ContentView.swift; sourceTree = "<group>"; };
/* End PBXFileReference section */

/* Begin PBXFrameworksBuildPhase section */
		D8A72C0C25F6F8EB009235B0 /* Frameworks */ = {
			isa = PBXFrameworksBuildPhase;
			buildActionMask = 2147483647;
			files = (
				D82937BC25F857630013FEED /* CodeScanner in Frameworks */,
				D8A72C2425F735AC009235B0 /* SamplePackage in Frameworks */,
			);
			runOnlyForDeploymentPostprocessing = 0;
		};
/* End PBXFrameworksBuildPhase section */

/* Begin PBXGroup section */
		D82937AE25F83A2D0013FEED /* View */ = {
			isa = PBXGroup;
			children = (
				D8A72C2825F739A2009235B0 /* ContentView.swift */,
				D82937AB25F83A290013FEED /* ProspectsView.swift */,
				D82937AF25F83AF10013FEED /* MeView.swift */,
			);
			path = View;
			sourceTree = "<group>";
		};
		D82937B525F83F540013FEED /* Model */ = {
			isa = PBXGroup;
			children = (
				D82937B725F83F6B0013FEED /* Prospect.swift */,
			);
			path = Model;
			sourceTree = "<group>";
		};
		D8A72C0625F6F8EB009235B0 = {
			isa = PBXGroup;
			children = (
				D8A72C1125F6F8EB009235B0 /* HotProspects */,
				D8A72C1025F6F8EB009235B0 /* Products */,
			);
			sourceTree = "<group>";
		};
		D8A72C1025F6F8EB009235B0 /* Products */ = {
			isa = PBXGroup;
			children = (
				D8A72C0F25F6F8EB009235B0 /* HotProspects.app */,
			);
			name = Products;
			sourceTree = "<group>";
		};
		D8A72C1125F6F8EB009235B0 /* HotProspects */ = {
			isa = PBXGroup;
			children = (
				D8A72C1225F6F8EB009235B0 /* HotProspectsApp.swift */,
				D82937B525F83F540013FEED /* Model */,
				D82937AE25F83A2D0013FEED /* View */,
				D8A72C1625F6F8EB009235B0 /* Assets.xcassets */,
				D8A72C1B25F6F8EB009235B0 /* Info.plist */,
				D8A72C1825F6F8EB009235B0 /* Preview Content */,
			);
			path = HotProspects;
			sourceTree = "<group>";
		};
		D8A72C1825F6F8EB009235B0 /* Preview Content */ = {
			isa = PBXGroup;
			children = (
				D8A72C1925F6F8EB009235B0 /* Preview Assets.xcassets */,
			);
			path = "Preview Content";
			sourceTree = "<group>";
		};
/* End PBXGroup section */

/* Begin PBXNativeTarget section */
		D8A72C0E25F6F8EB009235B0 /* HotProspects */ = {
			isa = PBXNativeTarget;
			buildConfigurationList = D8A72C1E25F6F8EB009235B0 /* Build configuration list for PBXNativeTarget "HotProspects" */;
			buildPhases = (
				D8A72C0B25F6F8EB009235B0 /* Sources */,
				D8A72C0C25F6F8EB009235B0 /* Frameworks */,
				D8A72C0D25F6F8EB009235B0 /* Resources */,
			);
			buildRules = (
			);
			dependencies = (
			);
			name = HotProspects;
			packageProductDependencies = (
				D8A72C2325F735AC009235B0 /* SamplePackage */,
				D82937BB25F857630013FEED /* CodeScanner */,
			);
			productName = HotProspects;
			productReference = D8A72C0F25F6F8EB009235B0 /* HotProspects.app */;
			productType = "com.apple.product-type.application";
		};
/* End PBXNativeTarget section */

/* Begin PBXProject section */
		D8A72C0725F6F8EB009235B0 /* Project object */ = {
			isa = PBXProject;
			attributes = {
				LastSwiftUpdateCheck = 1220;
				LastUpgradeCheck = 1220;
				TargetAttributes = {
					D8A72C0E25F6F8EB009235B0 = {
						CreatedOnToolsVersion = 12.2;
					};
				};
			};
			buildConfigurationList = D8A72C0A25F6F8EB009235B0 /* Build configuration list for PBXProject "HotProspects" */;
			compatibilityVersion = "Xcode 9.3";
			developmentRegion = en;
			hasScannedForEncodings = 0;
			knownRegions = (
				en,
				Base,
			);
			mainGroup = D8A72C0625F6F8EB009235B0;
			packageReferences = (
				D8A72C2225F735AC009235B0 /* XCRemoteSwiftPackageReference "SamplePackage" */,
				D82937BA25F857630013FEED /* XCRemoteSwiftPackageReference "CodeScanner" */,
			);
			productRefGroup = D8A72C1025F6F8EB009235B0 /* Products */;
			projectDirPath = "";
			projectRoot = "";
			targets = (
				D8A72C0E25F6F8EB009235B0 /* HotProspects */,
			);
		};
/* End PBXProject section */

/* Begin PBXResourcesBuildPhase section */
		D8A72C0D25F6F8EB009235B0 /* Resources */ = {
			isa = PBXResourcesBuildPhase;
			buildActionMask = 2147483647;
			files = (
				D8A72C1A25F6F8EB009235B0 /* Preview Assets.xcassets in Resources */,
				D8A72C1725F6F8EB009235B0 /* Assets.xcassets in Resources */,
			);
			runOnlyForDeploymentPostprocessing = 0;
		};
/* End PBXResourcesBuildPhase section */

/* Begin PBXSourcesBuildPhase section */
		D8A72C0B25F6F8EB009235B0 /* Sources */ = {
			isa = PBXSourcesBuildPhase;
			buildActionMask = 2147483647;
			files = (
				D82937AC25F83A290013FEED /* ProspectsView.swift in Sources */,
				D82937B825F83F6B0013FEED /* Prospect.swift in Sources */,
				D8A72C1325F6F8EB009235B0 /* HotProspectsApp.swift in Sources */,
				D8A72C2925F739A2009235B0 /* ContentView.swift in Sources */,
				D82937B025F83AF10013FEED /* MeView.swift in Sources */,
			);
			runOnlyForDeploymentPostprocessing = 0;
		};
/* End PBXSourcesBuildPhase section */

/* Begin XCBuildConfiguration section */
		D8A72C1C25F6F8EB009235B0 /* Debug */ = {
			isa = XCBuildConfiguration;
			buildSettings = {
				ALWAYS_SEARCH_USER_PATHS = NO;
				CLANG_ANALYZER_NONNULL = YES;
				CLANG_ANALYZER_NUMBER_OBJECT_CONVERSION = YES_AGGRESSIVE;
				CLANG_CXX_LANGUAGE_STANDARD = "gnu++14";
				CLANG_CXX_LIBRARY = "libc++";
				CLANG_ENABLE_MODULES = YES;
				CLANG_ENABLE_OBJC_ARC = YES;
				CLANG_ENABLE_OBJC_WEAK = YES;
				CLANG_WARN_BLOCK_CAPTURE_AUTORELEASING = YES;
				CLANG_WARN_BOOL_CONVERSION = YES;
				CLANG_WARN_COMMA = YES;
				CLANG_WARN_CONSTANT_CONVERSION = YES;
				CLANG_WARN_DEPRECATED_OBJC_IMPLEMENTATIONS = YES;
				CLANG_WARN_DIRECT_OBJC_ISA_USAGE = YES_ERROR;
				CLANG_WARN_DOCUMENTATION_COMMENTS = YES;
				CLANG_WARN_EMPTY_BODY = YES;
				CLANG_WARN_ENUM_CONVERSION = YES;
				CLANG_WARN_INFINITE_RECURSION = YES;
				CLANG_WARN_INT_CONVERSION = YES;
				CLANG_WARN_NON_LITERAL_NULL_CONVERSION = YES;
				CLANG_WARN_OBJC_IMPLICIT_RETAIN_SELF = YES;
				CLANG_WARN_OBJC_LITERAL_CONVERSION = YES;
				CLANG_WARN_OBJC_ROOT_CLASS = YES_ERROR;
				CLANG_WARN_QUOTED_INCLUDE_IN_FRAMEWORK_HEADER = YES;
				CLANG_WARN_RANGE_LOOP_ANALYSIS = YES;
				CLANG_WARN_STRICT_PROTOTYPES = YES;
				CLANG_WARN_SUSPICIOUS_MOVE = YES;
				CLANG_WARN_UNGUARDED_AVAILABILITY = YES_AGGRESSIVE;
				CLANG_WARN_UNREACHABLE_CODE = YES;
				CLANG_WARN__DUPLICATE_METHOD_MATCH = YES;
				COPY_PHASE_STRIP = NO;
				DEBUG_INFORMATION_FORMAT = dwarf;
				ENABLE_STRICT_OBJC_MSGSEND = YES;
				ENABLE_TESTABILITY = YES;
				GCC_C_LANGUAGE_STANDARD = gnu11;
				GCC_DYNAMIC_NO_PIC = NO;
				GCC_NO_COMMON_BLOCKS = YES;
				GCC_OPTIMIZATION_LEVEL = 0;
				GCC_PREPROCESSOR_DEFINITIONS = (
					"DEBUG=1",
					"$(inherited)",
				);
				GCC_WARN_64_TO_32_BIT_CONVERSION = YES;
				GCC_WARN_ABOUT_RETURN_TYPE = YES_ERROR;
				GCC_WARN_UNDECLARED_SELECTOR = YES;
				GCC_WARN_UNINITIALIZED_AUTOS = YES_AGGRESSIVE;
				GCC_WARN_UNUSED_FUNCTION = YES;
				GCC_WARN_UNUSED_VARIABLE = YES;
				IPHONEOS_DEPLOYMENT_TARGET = 14.2;
				MTL_ENABLE_DEBUG_INFO = INCLUDE_SOURCE;
				MTL_FAST_MATH = YES;
				ONLY_ACTIVE_ARCH = YES;
				SDKROOT = iphoneos;
				SWIFT_ACTIVE_COMPILATION_CONDITIONS = DEBUG;
				SWIFT_OPTIMIZATION_LEVEL = "-Onone";
			};
			name = Debug;
		};
		D8A72C1D25F6F8EB009235B0 /* Release */ = {
			isa = XCBuildConfiguration;
			buildSettings = {
				ALWAYS_SEARCH_USER_PATHS = NO;
				CLANG_ANALYZER_NONNULL = YES;
				CLANG_ANALYZER_NUMBER_OBJECT_CONVERSION = YES_AGGRESSIVE;
				CLANG_CXX_LANGUAGE_STANDARD = "gnu++14";
				CLANG_CXX_LIBRARY = "libc++";
				CLANG_ENABLE_MODULES = YES;
				CLANG_ENABLE_OBJC_ARC = YES;
				CLANG_ENABLE_OBJC_WEAK = YES;
				CLANG_WARN_BLOCK_CAPTURE_AUTORELEASING = YES;
				CLANG_WARN_BOOL_CONVERSION = YES;
				CLANG_WARN_COMMA = YES;
				CLANG_WARN_CONSTANT_CONVERSION = YES;
				CLANG_WARN_DEPRECATED_OBJC_IMPLEMENTATIONS = YES;
				CLANG_WARN_DIRECT_OBJC_ISA_USAGE = YES_ERROR;
				CLANG_WARN_DOCUMENTATION_COMMENTS = YES;
				CLANG_WARN_EMPTY_BODY = YES;
				CLANG_WARN_ENUM_CONVERSION = YES;
				CLANG_WARN_INFINITE_RECURSION = YES;
				CLANG_WARN_INT_CONVERSION = YES;
				CLANG_WARN_NON_LITERAL_NULL_CONVERSION = YES;
				CLANG_WARN_OBJC_IMPLICIT_RETAIN_SELF = YES;
				CLANG_WARN_OBJC_LITERAL_CONVERSION = YES;
				CLANG_WARN_OBJC_ROOT_CLASS = YES_ERROR;
				CLANG_WARN_QUOTED_INCLUDE_IN_FRAMEWORK_HEADER = YES;
				CLANG_WARN_RANGE_LOOP_ANALYSIS = YES;
				CLANG_WARN_STRICT_PROTOTYPES = YES;
				CLANG_WARN_SUSPICIOUS_MOVE = YES;
				CLANG_WARN_UNGUARDED_AVAILABILITY = YES_AGGRESSIVE;
				CLANG_WARN_UNREACHABLE_CODE = YES;
				CLANG_WARN__DUPLICATE_METHOD_MATCH = YES;
				COPY_PHASE_STRIP = NO;
				DEBUG_INFORMATION_FORMAT = "dwarf-with-dsym";
				ENABLE_NS_ASSERTIONS = NO;
				ENABLE_STRICT_OBJC_MSGSEND = YES;
				GCC_C_LANGUAGE_STANDARD = gnu11;
				GCC_NO_COMMON_BLOCKS = YES;
				GCC_WARN_64_TO_32_BIT_CONVERSION = YES;
				GCC_WARN_ABOUT_RETURN_TYPE = YES_ERROR;
				GCC_WARN_UNDECLARED_SELECTOR = YES;
				GCC_WARN_UNINITIALIZED_AUTOS = YES_AGGRESSIVE;
				GCC_WARN_UNUSED_FUNCTION = YES;
				GCC_WARN_UNUSED_VARIABLE = YES;
				IPHONEOS_DEPLOYMENT_TARGET = 14.2;
				MTL_ENABLE_DEBUG_INFO = NO;
				MTL_FAST_MATH = YES;
				SDKROOT = iphoneos;
				SWIFT_COMPILATION_MODE = wholemodule;
				SWIFT_OPTIMIZATION_LEVEL = "-O";
				VALIDATE_PRODUCT = YES;
			};
			name = Release;
		};
		D8A72C1F25F6F8EB009235B0 /* Debug */ = {
			isa = XCBuildConfiguration;
			buildSettings = {
				ASSETCATALOG_COMPILER_APPICON_NAME = AppIcon;
				ASSETCATALOG_COMPILER_GLOBAL_ACCENT_COLOR_NAME = AccentColor;
				CODE_SIGN_STYLE = Automatic;
				DEVELOPMENT_ASSET_PATHS = "\"HotProspects/Preview Content\"";
				ENABLE_PREVIEWS = YES;
				INFOPLIST_FILE = HotProspects/Info.plist;
				IPHONEOS_DEPLOYMENT_TARGET = 14.0;
				LD_RUNPATH_SEARCH_PATHS = (
					"$(inherited)",
					"@executable_path/Frameworks",
				);
				PRODUCT_BUNDLE_IDENTIFIER = liveandlearn.HotProspects;
				PRODUCT_NAME = "$(TARGET_NAME)";
				SWIFT_VERSION = 5.0;
				TARGETED_DEVICE_FAMILY = "1,2";
			};
			name = Debug;
		};
		D8A72C2025F6F8EB009235B0 /* Release */ = {
			isa = XCBuildConfiguration;
			buildSettings = {
				ASSETCATALOG_COMPILER_APPICON_NAME = AppIcon;
				ASSETCATALOG_COMPILER_GLOBAL_ACCENT_COLOR_NAME = AccentColor;
				CODE_SIGN_STYLE = Automatic;
				DEVELOPMENT_ASSET_PATHS = "\"HotProspects/Preview Content\"";
				ENABLE_PREVIEWS = YES;
				INFOPLIST_FILE = HotProspects/Info.plist;
				IPHONEOS_DEPLOYMENT_TARGET = 14.0;
				LD_RUNPATH_SEARCH_PATHS = (
					"$(inherited)",
					"@executable_path/Frameworks",
				);
				PRODUCT_BUNDLE_IDENTIFIER = liveandlearn.HotProspects;
				PRODUCT_NAME = "$(TARGET_NAME)";
				SWIFT_VERSION = 5.0;
				TARGETED_DEVICE_FAMILY = "1,2";
			};
			name = Release;
		};
/* End XCBuildConfiguration section */

/* Begin XCConfigurationList section */
		D8A72C0A25F6F8EB009235B0 /* Build configuration list for PBXProject "HotProspects" */ = {
			isa = XCConfigurationList;
			buildConfigurations = (
				D8A72C1C25F6F8EB009235B0 /* Debug */,
				D8A72C1D25F6F8EB009235B0 /* Release */,
			);
			defaultConfigurationIsVisible = 0;
			defaultConfigurationName = Release;
		};
		D8A72C1E25F6F8EB009235B0 /* Build configuration list for PBXNativeTarget "HotProspects" */ = {
			isa = XCConfigurationList;
			buildConfigurations = (
				D8A72C1F25F6F8EB009235B0 /* Debug */,
				D8A72C2025F6F8EB009235B0 /* Release */,
			);
			defaultConfigurationIsVisible = 0;
			defaultConfigurationName = Release;
		};
/* End XCConfigurationList section */

/* Begin XCRemoteSwiftPackageReference section */
		D82937BA25F857630013FEED /* XCRemoteSwiftPackageReference "CodeScanner" */ = {
			isa = XCRemoteSwiftPackageReference;
			repositoryURL = "https://github.com/twostraws/CodeScanner";
			requirement = {
				kind = upToNextMajorVersion;
				minimumVersion = 1.0.7;
			};
		};
		D8A72C2225F735AC009235B0 /* XCRemoteSwiftPackageReference "SamplePackage" */ = {
			isa = XCRemoteSwiftPackageReference;
			repositoryURL = "https://github.com/twostraws/SamplePackage";
			requirement = {
				kind = upToNextMajorVersion;
				minimumVersion = 1.0.0;
			};
		};
/* End XCRemoteSwiftPackageReference section */

/* Begin XCSwiftPackageProductDependency section */
		D82937BB25F857630013FEED /* CodeScanner */ = {
			isa = XCSwiftPackageProductDependency;
			package = D82937BA25F857630013FEED /* XCRemoteSwiftPackageReference "CodeScanner" */;
			productName = CodeScanner;
		};
		D8A72C2325F735AC009235B0 /* SamplePackage */ = {
			isa = XCSwiftPackageProductDependency;
			package = D8A72C2225F735AC009235B0 /* XCRemoteSwiftPackageReference "SamplePackage" */;
			productName = SamplePackage;
		};
/* End XCSwiftPackageProductDependency section */
	};
	rootObject = D8A72C0725F6F8EB009235B0 /* Project object */;
}
